hash: 7d4ecd5446170b627712c640c120ef50f6670160193ecdffd572aca7edf553ce
updated: 2016-05-06T11:46:02.580085362+08:00
imports:
- name: github.com/codegangsta/cli
  version: 75b97d09d9f5792ff997e249a330a3ca28f8b537
- name: github.com/fatih/color
  version: 533cd7fd8a85905f67a1753afb4deddc85ea174f
- name: github.com/go-ole/go-ole
  version: 572eabb84c424e76a0d39d31510dd7dfd62f70b2
  subpackages:
  - oleutil
- name: github.com/gosuri/uitable
  version: 36ee7e946282a3fb1cfecd476ddc9b35d8847e42
  subpackages:
  - util/strutil
  - util/wordwrap
- name: github.com/mattn/go-colorable
  version: 9cbef7c35391cca05f15f8181dc0b18bc9736dbb
  repo: https://github.com/mattn/go-colorable
- name: github.com/mattn/go-isatty
  version: 56b76bdf51f7708750eac80fa38b952bb9f32639
  repo: https://github.com/mattn/go-isatty
- name: github.com/mattn/go-runewidth
  version: d6bea18f789704b5f83375793155289da36a3c7f
- name: github.com/mitchellh/go-ps
  version: e6c6068076470196af082b1ff896e24a51a87b2a
- name: github.com/pivotal-golang/bytefmt
  version: 263ce04fc1d71bc7d50c241293488b3f54c779e5
- name: github.com/shirou/gopsutil
  version: 7b991b8135166c7fc81b65665a2f35c7a1966cfc
  subpackages:
  - cpu
  - host
  - load
  - mem
  - net
  - internal/common
  - process
- name: github.com/shirou/w32
  version: 3c9377fc6748f222729a8270fe2775d149a249ad
- name: github.com/StackExchange/wmi
  version: f3e2bae1e0cb5aef83e319133eabfee30013a4a5
- name: golang.org/x/sys
  version: b776ec39b3e54652e09028aaaaac9757f4f8211a
  subpackages:
  - unix
devImports: []
