hash: 4f06e59de4a7fce88f255d30218e4fc1815061d47029937daf397b2edff67edf
updated: 2016-04-01T14:06:53.745834002+08:00
imports:
- name: github.com/codegangsta/cli
  version: bc465becccd1d527002fda095fc3c19d9c115029
- name: github.com/fatih/color
  version: 533cd7fd8a85905f67a1753afb4deddc85ea174f
- name: github.com/go-ole/go-ole
  version: 572eabb84c424e76a0d39d31510dd7dfd62f70b2
  subpackages:
  - oleutil
- name: github.com/gosuri/uitable
  version: 847a6cc1fb502a46685196d7826217bcae6bd4d0
  subpackages:
  - util/strutil
  - util/wordwrap
- name: github.com/mattn/go-runewidth
  version: d6bea18f789704b5f83375793155289da36a3c7f
- name: github.com/pivotal-golang/bytefmt
  version: 263ce04fc1d71bc7d50c241293488b3f54c779e5
- name: github.com/shirou/gopsutil
  version: 37d89088411de59a4ef9fc340afa0e89dfcb4ea9
  subpackages:
  - cpu
  - host
  - mem
  - load
  - net
  - internal/common
  - process
- name: github.com/shirou/w32
  version: 3c9377fc6748f222729a8270fe2775d149a249ad
- name: github.com/StackExchange/wmi
  version: f3e2bae1e0cb5aef83e319133eabfee30013a4a5
devImports: []
