hash: a42abc41a3776bc70e2af2085af955d4f4966030a005f778d6e6a325cbfc2bf2
updated: 2016-03-31T17:26:35.032465031+08:00
imports:
- name: github.com/codegangsta/cli
  version: bc465becccd1d527002fda095fc3c19d9c115029
- name: github.com/fatih/color
  version: 533cd7fd8a85905f67a1753afb4deddc85ea174f
- name: github.com/go-ole/go-ole
  version: 572eabb84c424e76a0d39d31510dd7dfd62f70b2
  subpackages:
  - oleutil
- name: github.com/gosuri/uitable
  version: 847a6cc1fb502a46685196d7826217bcae6bd4d0
  subpackages:
  - util/strutil
  - util/wordwrap
- name: github.com/mattn/go-runewidth
  version: d6bea18f789704b5f83375793155289da36a3c7f
- name: github.com/shirou/gopsutil
  version: 37d89088411de59a4ef9fc340afa0e89dfcb4ea9
  subpackages:
  - cpu
  - host
  - mem
  - internal/common
  - process
  - net
- name: github.com/shirou/w32
  version: 3c9377fc6748f222729a8270fe2775d149a249ad
- name: github.com/StackExchange/wmi
  version: f3e2bae1e0cb5aef83e319133eabfee30013a4a5
devImports: []
